// !$*UTF8*$!
{
	archiveVersion = 1;
	classes = {
	};
	objectVersion = 56;
	objects = {

/* Begin PBXBuildFile section */
		0F1A770B2902EECF00DCC863 /* AppDelegate.swift in Sources */ = {isa = PBXBuildFile; fileRef = 0F1A770A2902EECF00DCC863 /* AppDelegate.swift */; };
		0F1A770D2902EECF00DCC863 /* SceneDelegate.swift in Sources */ = {isa = PBXBuildFile; fileRef = 0F1A770C2902EECF00DCC863 /* SceneDelegate.swift */; };
		0F1A770F2902EECF00DCC863 /* ViewController.swift in Sources */ = {isa = PBXBuildFile; fileRef = 0F1A770E2902EECF00DCC863 /* ViewController.swift */; };
		0F1A77122902EECF00DCC863 /* Main.storyboard in Resources */ = {isa = PBXBuildFile; fileRef = 0F1A77102902EECF00DCC863 /* Main.storyboard */; };
		0F1A77152902EECF00DCC863 /* RentProduct.xcdatamodeld in Sources */ = {isa = PBXBuildFile; fileRef = 0F1A77132902EECF00DCC863 /* RentProduct.xcdatamodeld */; };
		0F1A77172902EED000DCC863 /* Assets.xcassets in Resources */ = {isa = PBXBuildFile; fileRef = 0F1A77162902EED000DCC863 /* Assets.xcassets */; };
		0F1A771A2902EED000DCC863 /* LaunchScreen.storyboard in Resources */ = {isa = PBXBuildFile; fileRef = 0F1A77182902EED000DCC863 /* LaunchScreen.storyboard */; };
		0F1A77252902EED000DCC863 /* RentProductTests.swift in Sources */ = {isa = PBXBuildFile; fileRef = 0F1A77242902EED000DCC863 /* RentProductTests.swift */; };
		0F1A772F2902EED000DCC863 /* RentProductUITests.swift in Sources */ = {isa = PBXBuildFile; fileRef = 0F1A772E2902EED000DCC863 /* RentProductUITests.swift */; };
		0F1A77312902EED000DCC863 /* RentProductUITestsLaunchTests.swift in Sources */ = {isa = PBXBuildFile; fileRef = 0F1A77302902EED000DCC863 /* RentProductUITestsLaunchTests.swift */; };
		0F1A77432902F98500DCC863 /* PersistentStorage.swift in Sources */ = {isa = PBXBuildFile; fileRef = 0F1A77422902F98500DCC863 /* PersistentStorage.swift */; };
		0F1A77452902FA9800DCC863 /* RentDataManager.swift in Sources */ = {isa = PBXBuildFile; fileRef = 0F1A77442902FA9800DCC863 /* RentDataManager.swift */; };
		0F1A77472902FB9600DCC863 /* Log.swift in Sources */ = {isa = PBXBuildFile; fileRef = 0F1A77462902FB9600DCC863 /* Log.swift */; };
		0F1A77492902FBDE00DCC863 /* Bindable.swift in Sources */ = {isa = PBXBuildFile; fileRef = 0F1A77482902FBDE00DCC863 /* Bindable.swift */; };
		0F1A774B2902FC8D00DCC863 /* Product.swift in Sources */ = {isa = PBXBuildFile; fileRef = 0F1A774A2902FC8D00DCC863 /* Product.swift */; };
		0F1A774E2902FE7300DCC863 /* backend-frontend-data.json in Resources */ = {isa = PBXBuildFile; fileRef = 0F1A774D2902FE7300DCC863 /* backend-frontend-data.json */; };
		0F1A77502902FEF800DCC863 /* InitProduct.swift in Sources */ = {isa = PBXBuildFile; fileRef = 0F1A774F2902FEF800DCC863 /* InitProduct.swift */; };
		0F1A77522902FFF000DCC863 /* Constants.swift in Sources */ = {isa = PBXBuildFile; fileRef = 0F1A77512902FFF000DCC863 /* Constants.swift */; };
		0F1A7754290300F000DCC863 /* InitDataManager.swift in Sources */ = {isa = PBXBuildFile; fileRef = 0F1A7753290300F000DCC863 /* InitDataManager.swift */; };
/* End PBXBuildFile section */

/* Begin PBXContainerItemProxy section */
		0F1A77212902EED000DCC863 /* PBXContainerItemProxy */ = {
			isa = PBXContainerItemProxy;
			containerPortal = 0F1A76FF2902EECF00DCC863 /* Project object */;
			proxyType = 1;
			remoteGlobalIDString = 0F1A77062902EECF00DCC863;
			remoteInfo = RentProduct;
		};
		0F1A772B2902EED000DCC863 /* PBXContainerItemProxy */ = {
			isa = PBXContainerItemProxy;
			containerPortal = 0F1A76FF2902EECF00DCC863 /* Project object */;
			proxyType = 1;
			remoteGlobalIDString = 0F1A77062902EECF00DCC863;
			remoteInfo = RentProduct;
		};
/* End PBXContainerItemProxy section */

/* Begin PBXFileReference section */
		0F1A77072902EECF00DCC863 /* RentProduct.app */ = {isa = PBXFileReference; explicitFileType = wrapper.application; includeInIndex = 0; path = RentProduct.app; sourceTree = BUILT_PRODUCTS_DIR; };
		0F1A770A2902EECF00DCC863 /* AppDelegate.swift */ = {isa = PBXFileReference; lastKnownFileType = sourcecode.swift; path = AppDelegate.swift; sourceTree = "<group>"; };
		0F1A770C2902EECF00DCC863 /* SceneDelegate.swift */ = {isa = PBXFileReference; lastKnownFileType = sourcecode.swift; path = SceneDelegate.swift; sourceTree = "<group>"; };
		0F1A770E2902EECF00DCC863 /* ViewController.swift */ = {isa = PBXFileReference; lastKnownFileType = sourcecode.swift; path = ViewController.swift; sourceTree = "<group>"; };
		0F1A77112902EECF00DCC863 /* Base */ = {isa = PBXFileReference; lastKnownFileType = file.storyboard; name = Base; path = Base.lproj/Main.storyboard; sourceTree = "<group>"; };
		0F1A77142902EECF00DCC863 /* RentProduct.xcdatamodel */ = {isa = PBXFileReference; lastKnownFileType = wrapper.xcdatamodel; path = RentProduct.xcdatamodel; sourceTree = "<group>"; };
		0F1A77162902EED000DCC863 /* Assets.xcassets */ = {isa = PBXFileReference; lastKnownFileType = folder.assetcatalog; path = Assets.xcassets; sourceTree = "<group>"; };
		0F1A77192902EED000DCC863 /* Base */ = {isa = PBXFileReference; lastKnownFileType = file.storyboard; name = Base; path = Base.lproj/LaunchScreen.storyboard; sourceTree = "<group>"; };
		0F1A771B2902EED000DCC863 /* Info.plist */ = {isa = PBXFileReference; lastKnownFileType = text.plist.xml; path = Info.plist; sourceTree = "<group>"; };
		0F1A77202902EED000DCC863 /* RentProductTests.xctest */ = {isa = PBXFileReference; explicitFileType = wrapper.cfbundle; includeInIndex = 0; path = RentProductTests.xctest; sourceTree = BUILT_PRODUCTS_DIR; };
		0F1A77242902EED000DCC863 /* RentProductTests.swift */ = {isa = PBXFileReference; lastKnownFileType = sourcecode.swift; path = RentProductTests.swift; sourceTree = "<group>"; };
		0F1A772A2902EED000DCC863 /* RentProductUITests.xctest */ = {isa = PBXFileReference; explicitFileType = wrapper.cfbundle; includeInIndex = 0; path = RentProductUITests.xctest; sourceTree = BUILT_PRODUCTS_DIR; };
		0F1A772E2902EED000DCC863 /* RentProductUITests.swift */ = {isa = PBXFileReference; lastKnownFileType = sourcecode.swift; path = RentProductUITests.swift; sourceTree = "<group>"; };
		0F1A77302902EED000DCC863 /* RentProductUITestsLaunchTests.swift */ = {isa = PBXFileReference; lastKnownFileType = sourcecode.swift; path = RentProductUITestsLaunchTests.swift; sourceTree = "<group>"; };
		0F1A77422902F98500DCC863 /* PersistentStorage.swift */ = {isa = PBXFileReference; lastKnownFileType = sourcecode.swift; path = PersistentStorage.swift; sourceTree = "<group>"; };
		0F1A77442902FA9800DCC863 /* RentDataManager.swift */ = {isa = PBXFileReference; lastKnownFileType = sourcecode.swift; path = RentDataManager.swift; sourceTree = "<group>"; };
		0F1A77462902FB9600DCC863 /* Log.swift */ = {isa = PBXFileReference; lastKnownFileType = sourcecode.swift; path = Log.swift; sourceTree = "<group>"; };
		0F1A77482902FBDE00DCC863 /* Bindable.swift */ = {isa = PBXFileReference; lastKnownFileType = sourcecode.swift; path = Bindable.swift; sourceTree = "<group>"; };
		0F1A774A2902FC8D00DCC863 /* Product.swift */ = {isa = PBXFileReference; lastKnownFileType = sourcecode.swift; path = Product.swift; sourceTree = "<group>"; };
		0F1A774D2902FE7300DCC863 /* backend-frontend-data.json */ = {isa = PBXFileReference; fileEncoding = 4; lastKnownFileType = text.json; path = "backend-frontend-data.json"; sourceTree = "<group>"; };
		0F1A774F2902FEF800DCC863 /* InitProduct.swift */ = {isa = PBXFileReference; lastKnownFileType = sourcecode.swift; path = InitProduct.swift; sourceTree = "<group>"; };
		0F1A77512902FFF000DCC863 /* Constants.swift */ = {isa = PBXFileReference; lastKnownFileType = sourcecode.swift; path = Constants.swift; sourceTree = "<group>"; };
		0F1A7753290300F000DCC863 /* InitDataManager.swift */ = {isa = PBXFileReference; lastKnownFileType = sourcecode.swift; path = InitDataManager.swift; sourceTree = "<group>"; };
/* End PBXFileReference section */

/* Begin PBXFrameworksBuildPhase section */
		0F1A77042902EECF00DCC863 /* Frameworks */ = {
			isa = PBXFrameworksBuildPhase;
			buildActionMask = 2147483647;
			files = (
			);
			runOnlyForDeploymentPostprocessing = 0;
		};
		0F1A771D2902EED000DCC863 /* Frameworks */ = {
			isa = PBXFrameworksBuildPhase;
			buildActionMask = 2147483647;
			files = (
			);
			runOnlyForDeploymentPostprocessing = 0;
		};
		0F1A77272902EED000DCC863 /* Frameworks */ = {
			isa = PBXFrameworksBuildPhase;
			buildActionMask = 2147483647;
			files = (
			);
			runOnlyForDeploymentPostprocessing = 0;
		};
/* End PBXFrameworksBuildPhase section */

/* Begin PBXGroup section */
		0F1A76FE2902EECF00DCC863 = {
			isa = PBXGroup;
			children = (
				0F1A77092902EECF00DCC863 /* RentProduct */,
				0F1A77232902EED000DCC863 /* RentProductTests */,
				0F1A772D2902EED000DCC863 /* RentProductUITests */,
				0F1A77082902EECF00DCC863 /* Products */,
			);
			sourceTree = "<group>";
		};
		0F1A77082902EECF00DCC863 /* Products */ = {
			isa = PBXGroup;
			children = (
				0F1A77072902EECF00DCC863 /* RentProduct.app */,
				0F1A77202902EED000DCC863 /* RentProductTests.xctest */,
				0F1A772A2902EED000DCC863 /* RentProductUITests.xctest */,
			);
			name = Products;
			sourceTree = "<group>";
		};
		0F1A77092902EECF00DCC863 /* RentProduct */ = {
			isa = PBXGroup;
			children = (
				0F1A773E2902F94600DCC863 /* Models */,
				0F1A773D2902F93800DCC863 /* Views */,
				0F1A773F2902F95100DCC863 /* ViewModels */,
				0F1A77412902F96900DCC863 /* Managers */,
				0F1A77402902F95900DCC863 /* Utilities */,
				0F1A774C2902FE4D00DCC863 /* Resources */,
				0F1A770A2902EECF00DCC863 /* AppDelegate.swift */,
				0F1A770C2902EECF00DCC863 /* SceneDelegate.swift */,
				0F1A77102902EECF00DCC863 /* Main.storyboard */,
				0F1A77162902EED000DCC863 /* Assets.xcassets */,
				0F1A77182902EED000DCC863 /* LaunchScreen.storyboard */,
				0F1A771B2902EED000DCC863 /* Info.plist */,
				0F1A77132902EECF00DCC863 /* RentProduct.xcdatamodeld */,
			);
			path = RentProduct;
			sourceTree = "<group>";
		};
		0F1A77232902EED000DCC863 /* RentProductTests */ = {
			isa = PBXGroup;
			children = (
				0F1A77242902EED000DCC863 /* RentProductTests.swift */,
			);
			path = RentProductTests;
			sourceTree = "<group>";
		};
		0F1A772D2902EED000DCC863 /* RentProductUITests */ = {
			isa = PBXGroup;
			children = (
				0F1A772E2902EED000DCC863 /* RentProductUITests.swift */,
				0F1A77302902EED000DCC863 /* RentProductUITestsLaunchTests.swift */,
			);
			path = RentProductUITests;
			sourceTree = "<group>";
		};
		0F1A773D2902F93800DCC863 /* Views */ = {
			isa = PBXGroup;
			children = (
				0F1A770E2902EECF00DCC863 /* ViewController.swift */,
			);
			path = Views;
			sourceTree = "<group>";
		};
		0F1A773E2902F94600DCC863 /* Models */ = {
			isa = PBXGroup;
			children = (
				0F1A774A2902FC8D00DCC863 /* Product.swift */,
				0F1A774F2902FEF800DCC863 /* InitProduct.swift */,
			);
			path = Models;
			sourceTree = "<group>";
		};
		0F1A773F2902F95100DCC863 /* ViewModels */ = {
			isa = PBXGroup;
			children = (
			);
			path = ViewModels;
			sourceTree = "<group>";
		};
		0F1A77402902F95900DCC863 /* Utilities */ = {
			isa = PBXGroup;
			children = (
				0F1A77462902FB9600DCC863 /* Log.swift */,
				0F1A77482902FBDE00DCC863 /* Bindable.swift */,
				0F1A77512902FFF000DCC863 /* Constants.swift */,
			);
			path = Utilities;
			sourceTree = "<group>";
		};
		0F1A77412902F96900DCC863 /* Managers */ = {
			isa = PBXGroup;
			children = (
				0F1A77422902F98500DCC863 /* PersistentStorage.swift */,
				0F1A77442902FA9800DCC863 /* RentDataManager.swift */,
				0F1A7753290300F000DCC863 /* InitDataManager.swift */,
			);
			path = Managers;
			sourceTree = "<group>";
		};
		0F1A774C2902FE4D00DCC863 /* Resources */ = {
			isa = PBXGroup;
			children = (
				0F1A774D2902FE7300DCC863 /* backend-frontend-data.json */,
			);
			path = Resources;
			sourceTree = "<group>";
		};
/* End PBXGroup section */

/* Begin PBXNativeTarget section */
		0F1A77062902EECF00DCC863 /* RentProduct */ = {
			isa = PBXNativeTarget;
			buildConfigurationList = 0F1A77342902EED000DCC863 /* Build configuration list for PBXNativeTarget "RentProduct" */;
			buildPhases = (
				0F1A77032902EECF00DCC863 /* Sources */,
				0F1A77042902EECF00DCC863 /* Frameworks */,
				0F1A77052902EECF00DCC863 /* Resources */,
			);
			buildRules = (
			);
			dependencies = (
			);
			name = RentProduct;
			productName = RentProduct;
			productReference = 0F1A77072902EECF00DCC863 /* RentProduct.app */;
			productType = "com.apple.product-type.application";
		};
		0F1A771F2902EED000DCC863 /* RentProductTests */ = {
			isa = PBXNativeTarget;
			buildConfigurationList = 0F1A77372902EED000DCC863 /* Build configuration list for PBXNativeTarget "RentProductTests" */;
			buildPhases = (
				0F1A771C2902EED000DCC863 /* Sources */,
				0F1A771D2902EED000DCC863 /* Frameworks */,
				0F1A771E2902EED000DCC863 /* Resources */,
			);
			buildRules = (
			);
			dependencies = (
				0F1A77222902EED000DCC863 /* PBXTargetDependency */,
			);
			name = RentProductTests;
			productName = RentProductTests;
			productReference = 0F1A77202902EED000DCC863 /* RentProductTests.xctest */;
			productType = "com.apple.product-type.bundle.unit-test";
		};
		0F1A77292902EED000DCC863 /* RentProductUITests */ = {
			isa = PBXNativeTarget;
			buildConfigurationList = 0F1A773A2902EED000DCC863 /* Build configuration list for PBXNativeTarget "RentProductUITests" */;
			buildPhases = (
				0F1A77262902EED000DCC863 /* Sources */,
				0F1A77272902EED000DCC863 /* Frameworks */,
				0F1A77282902EED000DCC863 /* Resources */,
			);
			buildRules = (
			);
			dependencies = (
				0F1A772C2902EED000DCC863 /* PBXTargetDependency */,
			);
			name = RentProductUITests;
			productName = RentProductUITests;
			productReference = 0F1A772A2902EED000DCC863 /* RentProductUITests.xctest */;
			productType = "com.apple.product-type.bundle.ui-testing";
		};
/* End PBXNativeTarget section */

/* Begin PBXProject section */
		0F1A76FF2902EECF00DCC863 /* Project object */ = {
			isa = PBXProject;
			attributes = {
				BuildIndependentTargetsInParallel = 1;
				LastSwiftUpdateCheck = 1400;
				LastUpgradeCheck = 1400;
				TargetAttributes = {
					0F1A77062902EECF00DCC863 = {
						CreatedOnToolsVersion = 14.0.1;
					};
					0F1A771F2902EED000DCC863 = {
						CreatedOnToolsVersion = 14.0.1;
						TestTargetID = 0F1A77062902EECF00DCC863;
					};
					0F1A77292902EED000DCC863 = {
						CreatedOnToolsVersion = 14.0.1;
						TestTargetID = 0F1A77062902EECF00DCC863;
					};
				};
			};
			buildConfigurationList = 0F1A77022902EECF00DCC863 /* Build configuration list for PBXProject "RentProduct" */;
			compatibilityVersion = "Xcode 14.0";
			developmentRegion = en;
			hasScannedForEncodings = 0;
			knownRegions = (
				en,
				Base,
			);
			mainGroup = 0F1A76FE2902EECF00DCC863;
			productRefGroup = 0F1A77082902EECF00DCC863 /* Products */;
			projectDirPath = "";
			projectRoot = "";
			targets = (
				0F1A77062902EECF00DCC863 /* RentProduct */,
				0F1A771F2902EED000DCC863 /* RentProductTests */,
				0F1A77292902EED000DCC863 /* RentProductUITests */,
			);
		};
/* End PBXProject section */

/* Begin PBXResourcesBuildPhase section */
		0F1A77052902EECF00DCC863 /* Resources */ = {
			isa = PBXResourcesBuildPhase;
			buildActionMask = 2147483647;
			files = (
				0F1A771A2902EED000DCC863 /* LaunchScreen.storyboard in Resources */,
				0F1A77172902EED000DCC863 /* Assets.xcassets in Resources */,
				0F1A774E2902FE7300DCC863 /* backend-frontend-data.json in Resources */,
				0F1A77122902EECF00DCC863 /* Main.storyboard in Resources */,
			);
			runOnlyForDeploymentPostprocessing = 0;
		};
		0F1A771E2902EED000DCC863 /* Resources */ = {
			isa = PBXResourcesBuildPhase;
			buildActionMask = 2147483647;
			files = (
			);
			runOnlyForDeploymentPostprocessing = 0;
		};
		0F1A77282902EED000DCC863 /* Resources */ = {
			isa = PBXResourcesBuildPhase;
			buildActionMask = 2147483647;
			files = (
			);
			runOnlyForDeploymentPostprocessing = 0;
		};
/* End PBXResourcesBuildPhase section */

/* Begin PBXSourcesBuildPhase section */
		0F1A77032902EECF00DCC863 /* Sources */ = {
			isa = PBXSourcesBuildPhase;
			buildActionMask = 2147483647;
			files = (
				0F1A770F2902EECF00DCC863 /* ViewController.swift in Sources */,
				0F1A77522902FFF000DCC863 /* Constants.swift in Sources */,
				0F1A77502902FEF800DCC863 /* InitProduct.swift in Sources */,
				0F1A77472902FB9600DCC863 /* Log.swift in Sources */,
				0F1A774B2902FC8D00DCC863 /* Product.swift in Sources */,
				0F1A7754290300F000DCC863 /* InitDataManager.swift in Sources */,
				0F1A77492902FBDE00DCC863 /* Bindable.swift in Sources */,
				0F1A770B2902EECF00DCC863 /* AppDelegate.swift in Sources */,
				0F1A77152902EECF00DCC863 /* RentProduct.xcdatamodeld in Sources */,
				0F1A77432902F98500DCC863 /* PersistentStorage.swift in Sources */,
				0F1A77452902FA9800DCC863 /* RentDataManager.swift in Sources */,
				0F1A770D2902EECF00DCC863 /* SceneDelegate.swift in Sources */,
			);
			runOnlyForDeploymentPostprocessing = 0;
		};
		0F1A771C2902EED000DCC863 /* Sources */ = {
			isa = PBXSourcesBuildPhase;
			buildActionMask = 2147483647;
			files = (
				0F1A77252902EED000DCC863 /* RentProductTests.swift in Sources */,
			);
			runOnlyForDeploymentPostprocessing = 0;
		};
		0F1A77262902EED000DCC863 /* Sources */ = {
			isa = PBXSourcesBuildPhase;
			buildActionMask = 2147483647;
			files = (
				0F1A772F2902EED000DCC863 /* RentProductUITests.swift in Sources */,
				0F1A77312902EED000DCC863 /* RentProductUITestsLaunchTests.swift in Sources */,
			);
			runOnlyForDeploymentPostprocessing = 0;
		};
/* End PBXSourcesBuildPhase section */

/* Begin PBXTargetDependency section */
		0F1A77222902EED000DCC863 /* PBXTargetDependency */ = {
			isa = PBXTargetDependency;
			target = 0F1A77062902EECF00DCC863 /* RentProduct */;
			targetProxy = 0F1A77212902EED000DCC863 /* PBXContainerItemProxy */;
		};
		0F1A772C2902EED000DCC863 /* PBXTargetDependency */ = {
			isa = PBXTargetDependency;
			target = 0F1A77062902EECF00DCC863 /* RentProduct */;
			targetProxy = 0F1A772B2902EED000DCC863 /* PBXContainerItemProxy */;
		};
/* End PBXTargetDependency section */

/* Begin PBXVariantGroup section */
		0F1A77102902EECF00DCC863 /* Main.storyboard */ = {
			isa = PBXVariantGroup;
			children = (
				0F1A77112902EECF00DCC863 /* Base */,
			);
			name = Main.storyboard;
			sourceTree = "<group>";
		};
		0F1A77182902EED000DCC863 /* LaunchScreen.storyboard */ = {
			isa = PBXVariantGroup;
			children = (
				0F1A77192902EED000DCC863 /* Base */,
			);
			name = LaunchScreen.storyboard;
			sourceTree = "<group>";
		};
/* End PBXVariantGroup section */

/* Begin XCBuildConfiguration section */
		0F1A77322902EED000DCC863 /* Debug */ = {
			isa = XCBuildConfiguration;
			buildSettings = {
				ALWAYS_SEARCH_USER_PATHS = NO;
				CLANG_ANALYZER_NONNULL = YES;
				CLANG_ANALYZER_NUMBER_OBJECT_CONVERSION = YES_AGGRESSIVE;
				CLANG_CXX_LANGUAGE_STANDARD = "gnu++20";
				CLANG_ENABLE_MODULES = YES;
				CLANG_ENABLE_OBJC_ARC = YES;
				CLANG_ENABLE_OBJC_WEAK = YES;
				CLANG_WARN_BLOCK_CAPTURE_AUTORELEASING = YES;
				CLANG_WARN_BOOL_CONVERSION = YES;
				CLANG_WARN_COMMA = YES;
				CLANG_WARN_CONSTANT_CONVERSION = YES;
				CLANG_WARN_DEPRECATED_OBJC_IMPLEMENTATIONS = YES;
				CLANG_WARN_DIRECT_OBJC_ISA_USAGE = YES_ERROR;
				CLANG_WARN_DOCUMENTATION_COMMENTS = YES;
				CLANG_WARN_EMPTY_BODY = YES;
				CLANG_WARN_ENUM_CONVERSION = YES;
				CLANG_WARN_INFINITE_RECURSION = YES;
				CLANG_WARN_INT_CONVERSION = YES;
				CLANG_WARN_NON_LITERAL_NULL_CONVERSION = YES;
				CLANG_WARN_OBJC_IMPLICIT_RETAIN_SELF = YES;
				CLANG_WARN_OBJC_LITERAL_CONVERSION = YES;
				CLANG_WARN_OBJC_ROOT_CLASS = YES_ERROR;
				CLANG_WARN_QUOTED_INCLUDE_IN_FRAMEWORK_HEADER = YES;
				CLANG_WARN_RANGE_LOOP_ANALYSIS = YES;
				CLANG_WARN_STRICT_PROTOTYPES = YES;
				CLANG_WARN_SUSPICIOUS_MOVE = YES;
				CLANG_WARN_UNGUARDED_AVAILABILITY = YES_AGGRESSIVE;
				CLANG_WARN_UNREACHABLE_CODE = YES;
				CLANG_WARN__DUPLICATE_METHOD_MATCH = YES;
				COPY_PHASE_STRIP = NO;
				DEBUG_INFORMATION_FORMAT = dwarf;
				ENABLE_STRICT_OBJC_MSGSEND = YES;
				ENABLE_TESTABILITY = YES;
				GCC_C_LANGUAGE_STANDARD = gnu11;
				GCC_DYNAMIC_NO_PIC = NO;
				GCC_NO_COMMON_BLOCKS = YES;
				GCC_OPTIMIZATION_LEVEL = 0;
				GCC_PREPROCESSOR_DEFINITIONS = (
					"DEBUG=1",
					"$(inherited)",
				);
				GCC_WARN_64_TO_32_BIT_CONVERSION = YES;
				GCC_WARN_ABOUT_RETURN_TYPE = YES_ERROR;
				GCC_WARN_UNDECLARED_SELECTOR = YES;
				GCC_WARN_UNINITIALIZED_AUTOS = YES_AGGRESSIVE;
				GCC_WARN_UNUSED_FUNCTION = YES;
				GCC_WARN_UNUSED_VARIABLE = YES;
				IPHONEOS_DEPLOYMENT_TARGET = 16.0;
				MTL_ENABLE_DEBUG_INFO = INCLUDE_SOURCE;
				MTL_FAST_MATH = YES;
				ONLY_ACTIVE_ARCH = YES;
				SDKROOT = iphoneos;
				SWIFT_ACTIVE_COMPILATION_CONDITIONS = DEBUG;
				SWIFT_OPTIMIZATION_LEVEL = "-Onone";
			};
			name = Debug;
		};
		0F1A77332902EED000DCC863 /* Release */ = {
			isa = XCBuildConfiguration;
			buildSettings = {
				ALWAYS_SEARCH_USER_PATHS = NO;
				CLANG_ANALYZER_NONNULL = YES;
				CLANG_ANALYZER_NUMBER_OBJECT_CONVERSION = YES_AGGRESSIVE;
				CLANG_CXX_LANGUAGE_STANDARD = "gnu++20";
				CLANG_ENABLE_MODULES = YES;
				CLANG_ENABLE_OBJC_ARC = YES;
				CLANG_ENABLE_OBJC_WEAK = YES;
				CLANG_WARN_BLOCK_CAPTURE_AUTORELEASING = YES;
				CLANG_WARN_BOOL_CONVERSION = YES;
				CLANG_WARN_COMMA = YES;
				CLANG_WARN_CONSTANT_CONVERSION = YES;
				CLANG_WARN_DEPRECATED_OBJC_IMPLEMENTATIONS = YES;
				CLANG_WARN_DIRECT_OBJC_ISA_USAGE = YES_ERROR;
				CLANG_WARN_DOCUMENTATION_COMMENTS = YES;
				CLANG_WARN_EMPTY_BODY = YES;
				CLANG_WARN_ENUM_CONVERSION = YES;
				CLANG_WARN_INFINITE_RECURSION = YES;
				CLANG_WARN_INT_CONVERSION = YES;
				CLANG_WARN_NON_LITERAL_NULL_CONVERSION = YES;
				CLANG_WARN_OBJC_IMPLICIT_RETAIN_SELF = YES;
				CLANG_WARN_OBJC_LITERAL_CONVERSION = YES;
				CLANG_WARN_OBJC_ROOT_CLASS = YES_ERROR;
				CLANG_WARN_QUOTED_INCLUDE_IN_FRAMEWORK_HEADER = YES;
				CLANG_WARN_RANGE_LOOP_ANALYSIS = YES;
				CLANG_WARN_STRICT_PROTOTYPES = YES;
				CLANG_WARN_SUSPICIOUS_MOVE = YES;
				CLANG_WARN_UNGUARDED_AVAILABILITY = YES_AGGRESSIVE;
				CLANG_WARN_UNREACHABLE_CODE = YES;
				CLANG_WARN__DUPLICATE_METHOD_MATCH = YES;
				COPY_PHASE_STRIP = NO;
				DEBUG_INFORMATION_FORMAT = "dwarf-with-dsym";
				ENABLE_NS_ASSERTIONS = NO;
				ENABLE_STRICT_OBJC_MSGSEND = YES;
				GCC_C_LANGUAGE_STANDARD = gnu11;
				GCC_NO_COMMON_BLOCKS = YES;
				GCC_WARN_64_TO_32_BIT_CONVERSION = YES;
				GCC_WARN_ABOUT_RETURN_TYPE = YES_ERROR;
				GCC_WARN_UNDECLARED_SELECTOR = YES;
				GCC_WARN_UNINITIALIZED_AUTOS = YES_AGGRESSIVE;
				GCC_WARN_UNUSED_FUNCTION = YES;
				GCC_WARN_UNUSED_VARIABLE = YES;
				IPHONEOS_DEPLOYMENT_TARGET = 16.0;
				MTL_ENABLE_DEBUG_INFO = NO;
				MTL_FAST_MATH = YES;
				SDKROOT = iphoneos;
				SWIFT_COMPILATION_MODE = wholemodule;
				SWIFT_OPTIMIZATION_LEVEL = "-O";
				VALIDATE_PRODUCT = YES;
			};
			name = Release;
		};
		0F1A77352902EED000DCC863 /* Debug */ = {
			isa = XCBuildConfiguration;
			buildSettings = {
				ASSETCATALOG_COMPILER_APPICON_NAME = AppIcon;
				ASSETCATALOG_COMPILER_GLOBAL_ACCENT_COLOR_NAME = AccentColor;
				CODE_SIGN_STYLE = Automatic;
				CURRENT_PROJECT_VERSION = 1;
				DEVELOPMENT_TEAM = 2BL4KQW6R5;
				GENERATE_INFOPLIST_FILE = YES;
				INFOPLIST_FILE = RentProduct/Info.plist;
				INFOPLIST_KEY_UIApplicationSupportsIndirectInputEvents = YES;
				INFOPLIST_KEY_UILaunchStoryboardName = LaunchScreen;
				INFOPLIST_KEY_UIMainStoryboardFile = Main;
				INFOPLIST_KEY_UISupportedInterfaceOrientations_iPad = "UIInterfaceOrientationPortrait UIInterfaceOrientationPortraitUpsideDown UIInterfaceOrientationLandscapeLeft UIInterfaceOrientationLandscapeRight";
				INFOPLIST_KEY_UISupportedInterfaceOrientations_iPhone = "UIInterfaceOrientationPortrait UIInterfaceOrientationLandscapeLeft UIInterfaceOrientationLandscapeRight";
				LD_RUNPATH_SEARCH_PATHS = (
					"$(inherited)",
					"@executable_path/Frameworks",
				);
				MARKETING_VERSION = 1.0;
				PRODUCT_BUNDLE_IDENTIFIER = com.hadi.RentProduct;
				PRODUCT_NAME = "$(TARGET_NAME)";
				SWIFT_EMIT_LOC_STRINGS = YES;
				SWIFT_VERSION = 5.0;
				TARGETED_DEVICE_FAMILY = "1,2";
			};
			name = Debug;
		};
		0F1A77362902EED000DCC863 /* Release */ = {
			isa = XCBuildConfiguration;
			buildSettings = {
				ASSETCATALOG_COMPILER_APPICON_NAME = AppIcon;
				ASSETCATALOG_COMPILER_GLOBAL_ACCENT_COLOR_NAME = AccentColor;
				CODE_SIGN_STYLE = Automatic;
				CURRENT_PROJECT_VERSION = 1;
				DEVELOPMENT_TEAM = 2BL4KQW6R5;
				GENERATE_INFOPLIST_FILE = YES;
				INFOPLIST_FILE = RentProduct/Info.plist;
				INFOPLIST_KEY_UIApplicationSupportsIndirectInputEvents = YES;
				INFOPLIST_KEY_UILaunchStoryboardName = LaunchScreen;
				INFOPLIST_KEY_UIMainStoryboardFile = Main;
				INFOPLIST_KEY_UISupportedInterfaceOrientations_iPad = "UIInterfaceOrientationPortrait UIInterfaceOrientationPortraitUpsideDown UIInterfaceOrientationLandscapeLeft UIInterfaceOrientationLandscapeRight";
				INFOPLIST_KEY_UISupportedInterfaceOrientations_iPhone = "UIInterfaceOrientationPortrait UIInterfaceOrientationLandscapeLeft UIInterfaceOrientationLandscapeRight";
				LD_RUNPATH_SEARCH_PATHS = (
					"$(inherited)",
					"@executable_path/Frameworks",
				);
				MARKETING_VERSION = 1.0;
				PRODUCT_BUNDLE_IDENTIFIER = com.hadi.RentProduct;
				PRODUCT_NAME = "$(TARGET_NAME)";
				SWIFT_EMIT_LOC_STRINGS = YES;
				SWIFT_VERSION = 5.0;
				TARGETED_DEVICE_FAMILY = "1,2";
			};
			name = Release;
		};
		0F1A77382902EED000DCC863 /* Debug */ = {
			isa = XCBuildConfiguration;
			buildSettings = {
				ALWAYS_EMBED_SWIFT_STANDARD_LIBRARIES = YES;
				BUNDLE_LOADER = "$(TEST_HOST)";
				CODE_SIGN_STYLE = Automatic;
				CURRENT_PROJECT_VERSION = 1;
				DEVELOPMENT_TEAM = 2BL4KQW6R5;
				GENERATE_INFOPLIST_FILE = YES;
				IPHONEOS_DEPLOYMENT_TARGET = 16.0;
				MARKETING_VERSION = 1.0;
				PRODUCT_BUNDLE_IDENTIFIER = com.hadi.RentProductTests;
				PRODUCT_NAME = "$(TARGET_NAME)";
				SWIFT_EMIT_LOC_STRINGS = NO;
				SWIFT_VERSION = 5.0;
				TARGETED_DEVICE_FAMILY = "1,2";
				TEST_HOST = "$(BUILT_PRODUCTS_DIR)/RentProduct.app/$(BUNDLE_EXECUTABLE_FOLDER_PATH)/RentProduct";
			};
			name = Debug;
		};
		0F1A77392902EED000DCC863 /* Release */ = {
			isa = XCBuildConfiguration;
			buildSettings = {
				ALWAYS_EMBED_SWIFT_STANDARD_LIBRARIES = YES;
				BUNDLE_LOADER = "$(TEST_HOST)";
				CODE_SIGN_STYLE = Automatic;
				CURRENT_PROJECT_VERSION = 1;
				DEVELOPMENT_TEAM = 2BL4KQW6R5;
				GENERATE_INFOPLIST_FILE = YES;
				IPHONEOS_DEPLOYMENT_TARGET = 16.0;
				MARKETING_VERSION = 1.0;
				PRODUCT_BUNDLE_IDENTIFIER = com.hadi.RentProductTests;
				PRODUCT_NAME = "$(TARGET_NAME)";
				SWIFT_EMIT_LOC_STRINGS = NO;
				SWIFT_VERSION = 5.0;
				TARGETED_DEVICE_FAMILY = "1,2";
				TEST_HOST = "$(BUILT_PRODUCTS_DIR)/RentProduct.app/$(BUNDLE_EXECUTABLE_FOLDER_PATH)/RentProduct";
			};
			name = Release;
		};
		0F1A773B2902EED000DCC863 /* Debug */ = {
			isa = XCBuildConfiguration;
			buildSettings = {
				ALWAYS_EMBED_SWIFT_STANDARD_LIBRARIES = YES;
				CODE_SIGN_STYLE = Automatic;
				CURRENT_PROJECT_VERSION = 1;
				DEVELOPMENT_TEAM = 2BL4KQW6R5;
				GENERATE_INFOPLIST_FILE = YES;
				MARKETING_VERSION = 1.0;
				PRODUCT_BUNDLE_IDENTIFIER = com.hadi.RentProductUITests;
				PRODUCT_NAME = "$(TARGET_NAME)";
				SWIFT_EMIT_LOC_STRINGS = NO;
				SWIFT_VERSION = 5.0;
				TARGETED_DEVICE_FAMILY = "1,2";
				TEST_TARGET_NAME = RentProduct;
			};
			name = Debug;
		};
		0F1A773C2902EED000DCC863 /* Release */ = {
			isa = XCBuildConfiguration;
			buildSettings = {
				ALWAYS_EMBED_SWIFT_STANDARD_LIBRARIES = YES;
				CODE_SIGN_STYLE = Automatic;
				CURRENT_PROJECT_VERSION = 1;
				DEVELOPMENT_TEAM = 2BL4KQW6R5;
				GENERATE_INFOPLIST_FILE = YES;
				MARKETING_VERSION = 1.0;
				PRODUCT_BUNDLE_IDENTIFIER = com.hadi.RentProductUITests;
				PRODUCT_NAME = "$(TARGET_NAME)";
				SWIFT_EMIT_LOC_STRINGS = NO;
				SWIFT_VERSION = 5.0;
				TARGETED_DEVICE_FAMILY = "1,2";
				TEST_TARGET_NAME = RentProduct;
			};
			name = Release;
		};
/* End XCBuildConfiguration section */

/* Begin XCConfigurationList section */
		0F1A77022902EECF00DCC863 /* Build configuration list for PBXProject "RentProduct" */ = {
			isa = XCConfigurationList;
			buildConfigurations = (
				0F1A77322902EED000DCC863 /* Debug */,
				0F1A77332902EED000DCC863 /* Release */,
			);
			defaultConfigurationIsVisible = 0;
			defaultConfigurationName = Release;
		};
		0F1A77342902EED000DCC863 /* Build configuration list for PBXNativeTarget "RentProduct" */ = {
			isa = XCConfigurationList;
			buildConfigurations = (
				0F1A77352902EED000DCC863 /* Debug */,
				0F1A77362902EED000DCC863 /* Release */,
			);
			defaultConfigurationIsVisible = 0;
			defaultConfigurationName = Release;
		};
		0F1A77372902EED000DCC863 /* Build configuration list for PBXNativeTarget "RentProductTests" */ = {
			isa = XCConfigurationList;
			buildConfigurations = (
				0F1A77382902EED000DCC863 /* Debug */,
				0F1A77392902EED000DCC863 /* Release */,
			);
			defaultConfigurationIsVisible = 0;
			defaultConfigurationName = Release;
		};
		0F1A773A2902EED000DCC863 /* Build configuration list for PBXNativeTarget "RentProductUITests" */ = {
			isa = XCConfigurationList;
			buildConfigurations = (
				0F1A773B2902EED000DCC863 /* Debug */,
				0F1A773C2902EED000DCC863 /* Release */,
			);
			defaultConfigurationIsVisible = 0;
			defaultConfigurationName = Release;
		};
/* End XCConfigurationList section */

/* Begin XCVersionGroup section */
		0F1A77132902EECF00DCC863 /* RentProduct.xcdatamodeld */ = {
			isa = XCVersionGroup;
			children = (
				0F1A77142902EECF00DCC863 /* RentProduct.xcdatamodel */,
			);
			currentVersion = 0F1A77142902EECF00DCC863 /* RentProduct.xcdatamodel */;
			path = RentProduct.xcdatamodeld;
			sourceTree = "<group>";
			versionGroupType = wrapper.xcdatamodel;
		};
/* End XCVersionGroup section */
	};
	rootObject = 0F1A76FF2902EECF00DCC863 /* Project object */;
}
